
Microsoft Visual Studio Solution File, Format Version 12.00
# Visual Studio Version 16
VisualStudioVersion = 16.0.31624.102
MinimumVisualStudioVersion = 10.0.40219.1
Project("{48EC6C37-5662-4BAF-8141-1075F6AB0ABF}") = "SinfulEXP", "SinfulEXP.vcxproj", "{5CF7EF35-1DAE-47F0-AE1B-B5CF7046BEA0}"
EndProject
Global
	GlobalSection(SolutionConfigurationPlatforms) = preSolution
		Debug|x64 = Debug|x64
		Debug|x86 = Debug|x86
		Release|x64 = Release|x64
		Release|x86 = Release|x86
	EndGlobalSection
	GlobalSection(ProjectConfigurationPlatforms) = postSolution
		{5CF7EF35-1DAE-47F0-AE1B-B5CF7046BEA0}.Debug|x64.ActiveCfg = Debug|x64
		{5CF7EF35-1DAE-47F0-AE1B-B5CF7046BEA0}.Debug|x64.Build.0 = Debug|x64
		{5CF7EF35-1DAE-47F0-AE1B-B5CF7046BEA0}.Debug|x86.ActiveCfg = Debug|Win32
		{5CF7EF35-1DAE-47F0-AE1B-B5CF7046BEA0}.Debug|x86.Build.0 = Debug|Win32
		{5CF7EF35-1DAE-47F0-AE1B-B5CF7046BEA0}.Release|x64.ActiveCfg = Release|x64
		{5CF7EF35-1DAE-47F0-AE1B-B5CF7046BEA0}.Release|x64.Build.0 = Release|x64
		{5CF7EF35-1DAE-47F0-AE1B-B5CF7046BEA0}.Release|x86.ActiveCfg = Release|Win32
		{5CF7EF35-1DAE-47F0-AE1B-B5CF7046BEA0}.Release|x86.Build.0 = Release|Win32
	EndGlobalSection
	GlobalSection(SolutionProperties) = preSolution
		HideSolutionNode = FALSE
	EndGlobalSection
	GlobalSection(ExtensibilityGlobals) = postSolution
		SolutionGuid = {52085FAD-3C86-47AB-AD2A-C7CFB996486A}
	EndGlobalSection
EndGlobal
